{
    "_readme": [
        "This file locks the dependencies of your project to a known state",
        "Read more about it at https://getcomposer.org/doc/01-basic-usage.md#installing-dependencies",
        "This file is @generated automatically"
    ],
    "content-hash": "086128459ff30399f599624614da7f87",
    "packages": [
        {
            "name": "ampersandtarski/siam",
            "version": "v4.0.0",
            "source": {
                "type": "git",
                "url": "https://github.com/AmpersandTarski/SIAM.git",
                "reference": "3830581ad1f66a8878f3a883eb10ed3ba585724e"
            },
            "dist": {
                "type": "zip",
                "url": "https://api.github.com/repos/AmpersandTarski/SIAM/zipball/3830581ad1f66a8878f3a883eb10ed3ba585724e",
                "reference": "3830581ad1f66a8878f3a883eb10ed3ba585724e",
                "shasum": ""
            },
            "type": "library",
            "notification-url": "https://packagist.org/downloads/",
            "license": [
                "GPL-3.0-only"
            ],
            "authors": [
                {
                    "name": "Rieks Joosten",
                    "email": "rieksjoosten@gmail.com"
                }
            ],
            "description": "Ampersand module for Sessions, Identity and Access Management (SIAM). Contains ADL scripts that can be reused.",
            "time": "2020-09-14T08:25:53+00:00"
        }
    ],
    "packages-dev": [],
    "aliases": [],
    "minimum-stability": "stable",
    "stability-flags": [],
    "prefer-stable": false,
    "prefer-lowest": false,
    "platform": [],
    "platform-dev": []
}
